
Microsoft Visual Studio Solution File, Format Version 12.00
# Visual Studio Version 17
VisualStudioVersion = 17.4.33213.308
MinimumVisualStudioVersion = 10.0.40219.1
Project("{FAE04EC0-301F-11D3-BF4B-00C04F79EFBC}") = "DatabaseCoursework", "DatabaseCoursework\DatabaseCoursework.csproj", "{71F705AA-1306-4EF8-B523-79AE3FC355EA}"
EndProject
Global
	GlobalSection(SolutionConfigurationPlatforms) = preSolution
		Debug|Any CPU = Debug|Any CPU
		Release|Any CPU = Release|Any CPU
	EndGlobalSection
	GlobalSection(ProjectConfigurationPlatforms) = postSolution
		{71F705AA-1306-4EF8-B523-79AE3FC355EA}.Debug|Any CPU.ActiveCfg = Debug|Any CPU
		{71F705AA-1306-4EF8-B523-79AE3FC355EA}.Debug|Any CPU.Build.0 = Debug|Any CPU
		{71F705AA-1306-4EF8-B523-79AE3FC355EA}.Release|Any CPU.ActiveCfg = Release|Any CPU
		{71F705AA-1306-4EF8-B523-79AE3FC355EA}.Release|Any CPU.Build.0 = Release|Any CPU
	EndGlobalSection
	GlobalSection(SolutionProperties) = preSolution
		HideSolutionNode = FALSE
	EndGlobalSection
	GlobalSection(ExtensibilityGlobals) = postSolution
		SolutionGuid = {8092277D-DE68-4BCD-AA7D-5FFF3091168C}
	EndGlobalSection
EndGlobal
